<?xml version="1.0" encoding="utf-8"?>
<Project ToolsVersion="4.0" xmlns="http://schemas.microsoft.com/developer/msbuild/2003">
  <ItemGroup>
    <Filter Include="ソース ファイル">
      <UniqueIdentifier>{8352d453-4d6c-4cfd-94ba-a1c7cc31ec1b}</UniqueIdentifier>
    </Filter>
    <Filter Include="生成されたファイル">
      <UniqueIdentifier>{e141d64e-a0c1-4c0b-9320-1cbedbecfda0}</UniqueIdentifier>
      <SourceControlFiles>False</SourceControlFiles>
    </Filter>
  </ItemGroup>
  <ItemGroup>
    <None Include="DrmExtps.def" />
  </ItemGroup>
  <ItemGroup>
    <ClCompile Include="DrmExt_i.c">
      <Filter>生成されたファイル</Filter>
    </ClCompile>
    <ClCompile Include="DrmExt_p.c">
      <Filter>生成されたファイル</Filter>
    </ClCompile>
    <ClCompile Include="dlldata.c">
      <Filter>生成されたファイル</Filter>
    </ClCompile>
  </ItemGroup>
</Project>